// !$*UTF8*$!
{
	archiveVersion = 1;
	classes = {
	};
	objectVersion = 50;
	objects = {

/* Begin PBXBuildFile section */
		6433119923C67EBF0032648A /* AppDelegate.swift in Sources */ = {isa = PBXBuildFile; fileRef = 6433119823C67EBF0032648A /* AppDelegate.swift */; };
		6433119B23C67EBF0032648A /* SceneDelegate.swift in Sources */ = {isa = PBXBuildFile; fileRef = 6433119A23C67EBF0032648A /* SceneDelegate.swift */; };
		6433119D23C67EBF0032648A /* ContentView.swift in Sources */ = {isa = PBXBuildFile; fileRef = 6433119C23C67EBF0032648A /* ContentView.swift */; };
		6433119F23C67EC00032648A /* Assets.xcassets in Resources */ = {isa = PBXBuildFile; fileRef = 6433119E23C67EC00032648A /* Assets.xcassets */; };
		643311A223C67EC00032648A /* Preview Assets.xcassets in Resources */ = {isa = PBXBuildFile; fileRef = 643311A123C67EC00032648A /* Preview Assets.xcassets */; };
		643311A523C67EC00032648A /* LaunchScreen.storyboard in Resources */ = {isa = PBXBuildFile; fileRef = 643311A323C67EC00032648A /* LaunchScreen.storyboard */; };
		643311AE23C681C90032648A /* NetworkManager.swift in Sources */ = {isa = PBXBuildFile; fileRef = 643311AD23C681C90032648A /* NetworkManager.swift */; };
		643311B023C683D50032648A /* PostData.swift in Sources */ = {isa = PBXBuildFile; fileRef = 643311AF23C683D50032648A /* PostData.swift */; };
		643311B323C68B2A0032648A /* DetailView.swift in Sources */ = {isa = PBXBuildFile; fileRef = 643311B223C68B2A0032648A /* DetailView.swift */; };
		643311B523C68EE40032648A /* WebView.swift in Sources */ = {isa = PBXBuildFile; fileRef = 643311B423C68EE40032648A /* WebView.swift */; };
		643311B723C690A60032648A /* README.md in Resources */ = {isa = PBXBuildFile; fileRef = 643311B623C690A60032648A /* README.md */; };
/* End PBXBuildFile section */

/* Begin PBXFileReference section */
		6433119523C67EBF0032648A /* H4XOR News.app */ = {isa = PBXFileReference; explicitFileType = wrapper.application; includeInIndex = 0; path = "H4XOR News.app"; sourceTree = BUILT_PRODUCTS_DIR; };
		6433119823C67EBF0032648A /* AppDelegate.swift */ = {isa = PBXFileReference; lastKnownFileType = sourcecode.swift; path = AppDelegate.swift; sourceTree = "<group>"; };
		6433119A23C67EBF0032648A /* SceneDelegate.swift */ = {isa = PBXFileReference; lastKnownFileType = sourcecode.swift; path = SceneDelegate.swift; sourceTree = "<group>"; };
		6433119C23C67EBF0032648A /* ContentView.swift */ = {isa = PBXFileReference; lastKnownFileType = sourcecode.swift; path = ContentView.swift; sourceTree = "<group>"; };
		6433119E23C67EC00032648A /* Assets.xcassets */ = {isa = PBXFileReference; lastKnownFileType = folder.assetcatalog; path = Assets.xcassets; sourceTree = "<group>"; };
		643311A123C67EC00032648A /* Preview Assets.xcassets */ = {isa = PBXFileReference; lastKnownFileType = folder.assetcatalog; path = "Preview Assets.xcassets"; sourceTree = "<group>"; };
		643311A423C67EC00032648A /* Base */ = {isa = PBXFileReference; lastKnownFileType = file.storyboard; name = Base; path = Base.lproj/LaunchScreen.storyboard; sourceTree = "<group>"; };
		643311A623C67EC00032648A /* Info.plist */ = {isa = PBXFileReference; lastKnownFileType = text.plist.xml; path = Info.plist; sourceTree = "<group>"; };
		643311AD23C681C90032648A /* NetworkManager.swift */ = {isa = PBXFileReference; lastKnownFileType = sourcecode.swift; path = NetworkManager.swift; sourceTree = "<group>"; };
		643311AF23C683D50032648A /* PostData.swift */ = {isa = PBXFileReference; lastKnownFileType = sourcecode.swift; path = PostData.swift; sourceTree = "<group>"; };
		643311B223C68B2A0032648A /* DetailView.swift */ = {isa = PBXFileReference; lastKnownFileType = sourcecode.swift; path = DetailView.swift; sourceTree = "<group>"; };
		643311B423C68EE40032648A /* WebView.swift */ = {isa = PBXFileReference; lastKnownFileType = sourcecode.swift; path = WebView.swift; sourceTree = "<group>"; };
		643311B623C690A60032648A /* README.md */ = {isa = PBXFileReference; fileEncoding = 4; lastKnownFileType = net.daringfireball.markdown; path = README.md; sourceTree = "<group>"; };
/* End PBXFileReference section */

/* Begin PBXFrameworksBuildPhase section */
		6433119223C67EBF0032648A /* Frameworks */ = {
			isa = PBXFrameworksBuildPhase;
			buildActionMask = 2147483647;
			files = (
			);
			runOnlyForDeploymentPostprocessing = 0;
		};
/* End PBXFrameworksBuildPhase section */

/* Begin PBXGroup section */
		6433118C23C67EBF0032648A = {
			isa = PBXGroup;
			children = (
				643311B623C690A60032648A /* README.md */,
				6433119723C67EBF0032648A /* H4XOR News */,
				6433119623C67EBF0032648A /* Products */,
			);
			sourceTree = "<group>";
		};
		6433119623C67EBF0032648A /* Products */ = {
			isa = PBXGroup;
			children = (
				6433119523C67EBF0032648A /* H4XOR News.app */,
			);
			name = Products;
			sourceTree = "<group>";
		};
		6433119723C67EBF0032648A /* H4XOR News */ = {
			isa = PBXGroup;
			children = (
				643311AC23C681B20032648A /* Models */,
				6433119823C67EBF0032648A /* AppDelegate.swift */,
				6433119A23C67EBF0032648A /* SceneDelegate.swift */,
				643311B123C68B110032648A /* Views */,
				6433119E23C67EC00032648A /* Assets.xcassets */,
				643311A323C67EC00032648A /* LaunchScreen.storyboard */,
				643311A623C67EC00032648A /* Info.plist */,
				643311A023C67EC00032648A /* Preview Content */,
			);
			path = "H4XOR News";
			sourceTree = "<group>";
		};
		643311A023C67EC00032648A /* Preview Content */ = {
			isa = PBXGroup;
			children = (
				643311A123C67EC00032648A /* Preview Assets.xcassets */,
			);
			path = "Preview Content";
			sourceTree = "<group>";
		};
		643311AC23C681B20032648A /* Models */ = {
			isa = PBXGroup;
			children = (
				643311AD23C681C90032648A /* NetworkManager.swift */,
				643311AF23C683D50032648A /* PostData.swift */,
			);
			path = Models;
			sourceTree = "<group>";
		};
		643311B123C68B110032648A /* Views */ = {
			isa = PBXGroup;
			children = (
				6433119C23C67EBF0032648A /* ContentView.swift */,
				643311B223C68B2A0032648A /* DetailView.swift */,
				643311B423C68EE40032648A /* WebView.swift */,
			);
			path = Views;
			sourceTree = "<group>";
		};
/* End PBXGroup section */

/* Begin PBXNativeTarget section */
		6433119423C67EBF0032648A /* H4XOR News */ = {
			isa = PBXNativeTarget;
			buildConfigurationList = 643311A923C67EC00032648A /* Build configuration list for PBXNativeTarget "H4XOR News" */;
			buildPhases = (
				6433119123C67EBF0032648A /* Sources */,
				6433119223C67EBF0032648A /* Frameworks */,
				6433119323C67EBF0032648A /* Resources */,
			);
			buildRules = (
			);
			dependencies = (
			);
			name = "H4XOR News";
			productName = "H4XOR News";
			productReference = 6433119523C67EBF0032648A /* H4XOR News.app */;
			productType = "com.apple.product-type.application";
		};
/* End PBXNativeTarget section */

/* Begin PBXProject section */
		6433118D23C67EBF0032648A /* Project object */ = {
			isa = PBXProject;
			attributes = {
				LastSwiftUpdateCheck = 1130;
				LastUpgradeCheck = 1130;
				ORGANIZATIONNAME = "Conrad Taylor";
				TargetAttributes = {
					6433119423C67EBF0032648A = {
						CreatedOnToolsVersion = 11.3;
					};
				};
			};
			buildConfigurationList = 6433119023C67EBF0032648A /* Build configuration list for PBXProject "H4XOR News" */;
			compatibilityVersion = "Xcode 9.3";
			developmentRegion = en;
			hasScannedForEncodings = 0;
			knownRegions = (
				en,
				Base,
			);
			mainGroup = 6433118C23C67EBF0032648A;
			productRefGroup = 6433119623C67EBF0032648A /* Products */;
			projectDirPath = "";
			projectRoot = "";
			targets = (
				6433119423C67EBF0032648A /* H4XOR News */,
			);
		};
/* End PBXProject section */

/* Begin PBXResourcesBuildPhase section */
		6433119323C67EBF0032648A /* Resources */ = {
			isa = PBXResourcesBuildPhase;
			buildActionMask = 2147483647;
			files = (
				643311A523C67EC00032648A /* LaunchScreen.storyboard in Resources */,
				643311A223C67EC00032648A /* Preview Assets.xcassets in Resources */,
				643311B723C690A60032648A /* README.md in Resources */,
				6433119F23C67EC00032648A /* Assets.xcassets in Resources */,
			);
			runOnlyForDeploymentPostprocessing = 0;
		};
/* End PBXResourcesBuildPhase section */

/* Begin PBXSourcesBuildPhase section */
		6433119123C67EBF0032648A /* Sources */ = {
			isa = PBXSourcesBuildPhase;
			buildActionMask = 2147483647;
			files = (
				643311B023C683D50032648A /* PostData.swift in Sources */,
				643311B323C68B2A0032648A /* DetailView.swift in Sources */,
				643311AE23C681C90032648A /* NetworkManager.swift in Sources */,
				6433119923C67EBF0032648A /* AppDelegate.swift in Sources */,
				6433119B23C67EBF0032648A /* SceneDelegate.swift in Sources */,
				6433119D23C67EBF0032648A /* ContentView.swift in Sources */,
				643311B523C68EE40032648A /* WebView.swift in Sources */,
			);
			runOnlyForDeploymentPostprocessing = 0;
		};
/* End PBXSourcesBuildPhase section */

/* Begin PBXVariantGroup section */
		643311A323C67EC00032648A /* LaunchScreen.storyboard */ = {
			isa = PBXVariantGroup;
			children = (
				643311A423C67EC00032648A /* Base */,
			);
			name = LaunchScreen.storyboard;
			sourceTree = "<group>";
		};
/* End PBXVariantGroup section */

/* Begin XCBuildConfiguration section */
		643311A723C67EC00032648A /* Debug */ = {
			isa = XCBuildConfiguration;
			buildSettings = {
				ALWAYS_SEARCH_USER_PATHS = NO;
				CLANG_ANALYZER_NONNULL = YES;
				CLANG_ANALYZER_NUMBER_OBJECT_CONVERSION = YES_AGGRESSIVE;
				CLANG_CXX_LANGUAGE_STANDARD = "gnu++14";
				CLANG_CXX_LIBRARY = "libc++";
				CLANG_ENABLE_MODULES = YES;
				CLANG_ENABLE_OBJC_ARC = YES;
				CLANG_ENABLE_OBJC_WEAK = YES;
				CLANG_WARN_BLOCK_CAPTURE_AUTORELEASING = YES;
				CLANG_WARN_BOOL_CONVERSION = YES;
				CLANG_WARN_COMMA = YES;
				CLANG_WARN_CONSTANT_CONVERSION = YES;
				CLANG_WARN_DEPRECATED_OBJC_IMPLEMENTATIONS = YES;
				CLANG_WARN_DIRECT_OBJC_ISA_USAGE = YES_ERROR;
				CLANG_WARN_DOCUMENTATION_COMMENTS = YES;
				CLANG_WARN_EMPTY_BODY = YES;
				CLANG_WARN_ENUM_CONVERSION = YES;
				CLANG_WARN_INFINITE_RECURSION = YES;
				CLANG_WARN_INT_CONVERSION = YES;
				CLANG_WARN_NON_LITERAL_NULL_CONVERSION = YES;
				CLANG_WARN_OBJC_IMPLICIT_RETAIN_SELF = YES;
				CLANG_WARN_OBJC_LITERAL_CONVERSION = YES;
				CLANG_WARN_OBJC_ROOT_CLASS = YES_ERROR;
				CLANG_WARN_RANGE_LOOP_ANALYSIS = YES;
				CLANG_WARN_STRICT_PROTOTYPES = YES;
				CLANG_WARN_SUSPICIOUS_MOVE = YES;
				CLANG_WARN_UNGUARDED_AVAILABILITY = YES_AGGRESSIVE;
				CLANG_WARN_UNREACHABLE_CODE = YES;
				CLANG_WARN__DUPLICATE_METHOD_MATCH = YES;
				COPY_PHASE_STRIP = NO;
				DEBUG_INFORMATION_FORMAT = dwarf;
				ENABLE_STRICT_OBJC_MSGSEND = YES;
				ENABLE_TESTABILITY = YES;
				GCC_C_LANGUAGE_STANDARD = gnu11;
				GCC_DYNAMIC_NO_PIC = NO;
				GCC_NO_COMMON_BLOCKS = YES;
				GCC_OPTIMIZATION_LEVEL = 0;
				GCC_PREPROCESSOR_DEFINITIONS = (
					"DEBUG=1",
					"$(inherited)",
				);
				GCC_WARN_64_TO_32_BIT_CONVERSION = YES;
				GCC_WARN_ABOUT_RETURN_TYPE = YES_ERROR;
				GCC_WARN_UNDECLARED_SELECTOR = YES;
				GCC_WARN_UNINITIALIZED_AUTOS = YES_AGGRESSIVE;
				GCC_WARN_UNUSED_FUNCTION = YES;
				GCC_WARN_UNUSED_VARIABLE = YES;
				IPHONEOS_DEPLOYMENT_TARGET = 13.2;
				MTL_ENABLE_DEBUG_INFO = INCLUDE_SOURCE;
				MTL_FAST_MATH = YES;
				ONLY_ACTIVE_ARCH = YES;
				SDKROOT = iphoneos;
				SWIFT_ACTIVE_COMPILATION_CONDITIONS = DEBUG;
				SWIFT_OPTIMIZATION_LEVEL = "-Onone";
			};
			name = Debug;
		};
		643311A823C67EC00032648A /* Release */ = {
			isa = XCBuildConfiguration;
			buildSettings = {
				ALWAYS_SEARCH_USER_PATHS = NO;
				CLANG_ANALYZER_NONNULL = YES;
				CLANG_ANALYZER_NUMBER_OBJECT_CONVERSION = YES_AGGRESSIVE;
				CLANG_CXX_LANGUAGE_STANDARD = "gnu++14";
				CLANG_CXX_LIBRARY = "libc++";
				CLANG_ENABLE_MODULES = YES;
				CLANG_ENABLE_OBJC_ARC = YES;
				CLANG_ENABLE_OBJC_WEAK = YES;
				CLANG_WARN_BLOCK_CAPTURE_AUTORELEASING = YES;
				CLANG_WARN_BOOL_CONVERSION = YES;
				CLANG_WARN_COMMA = YES;
				CLANG_WARN_CONSTANT_CONVERSION = YES;
				CLANG_WARN_DEPRECATED_OBJC_IMPLEMENTATIONS = YES;
				CLANG_WARN_DIRECT_OBJC_ISA_USAGE = YES_ERROR;
				CLANG_WARN_DOCUMENTATION_COMMENTS = YES;
				CLANG_WARN_EMPTY_BODY = YES;
				CLANG_WARN_ENUM_CONVERSION = YES;
				CLANG_WARN_INFINITE_RECURSION = YES;
				CLANG_WARN_INT_CONVERSION = YES;
				CLANG_WARN_NON_LITERAL_NULL_CONVERSION = YES;
				CLANG_WARN_OBJC_IMPLICIT_RETAIN_SELF = YES;
				CLANG_WARN_OBJC_LITERAL_CONVERSION = YES;
				CLANG_WARN_OBJC_ROOT_CLASS = YES_ERROR;
				CLANG_WARN_RANGE_LOOP_ANALYSIS = YES;
				CLANG_WARN_STRICT_PROTOTYPES = YES;
				CLANG_WARN_SUSPICIOUS_MOVE = YES;
				CLANG_WARN_UNGUARDED_AVAILABILITY = YES_AGGRESSIVE;
				CLANG_WARN_UNREACHABLE_CODE = YES;
				CLANG_WARN__DUPLICATE_METHOD_MATCH = YES;
				COPY_PHASE_STRIP = NO;
				DEBUG_INFORMATION_FORMAT = "dwarf-with-dsym";
				ENABLE_NS_ASSERTIONS = NO;
				ENABLE_STRICT_OBJC_MSGSEND = YES;
				GCC_C_LANGUAGE_STANDARD = gnu11;
				GCC_NO_COMMON_BLOCKS = YES;
				GCC_WARN_64_TO_32_BIT_CONVERSION = YES;
				GCC_WARN_ABOUT_RETURN_TYPE = YES_ERROR;
				GCC_WARN_UNDECLARED_SELECTOR = YES;
				GCC_WARN_UNINITIALIZED_AUTOS = YES_AGGRESSIVE;
				GCC_WARN_UNUSED_FUNCTION = YES;
				GCC_WARN_UNUSED_VARIABLE = YES;
				IPHONEOS_DEPLOYMENT_TARGET = 13.2;
				MTL_ENABLE_DEBUG_INFO = NO;
				MTL_FAST_MATH = YES;
				SDKROOT = iphoneos;
				SWIFT_COMPILATION_MODE = wholemodule;
				SWIFT_OPTIMIZATION_LEVEL = "-O";
				VALIDATE_PRODUCT = YES;
			};
			name = Release;
		};
		643311AA23C67EC00032648A /* Debug */ = {
			isa = XCBuildConfiguration;
			buildSettings = {
				ASSETCATALOG_COMPILER_APPICON_NAME = AppIcon;
				CODE_SIGN_STYLE = Automatic;
				DEVELOPMENT_ASSET_PATHS = "\"H4XOR News/Preview Content\"";
				DEVELOPMENT_TEAM = RX8KMMGN2G;
				ENABLE_PREVIEWS = YES;
				INFOPLIST_FILE = "H4XOR News/Info.plist";
				LD_RUNPATH_SEARCH_PATHS = (
					"$(inherited)",
					"@executable_path/Frameworks",
				);
				PRODUCT_BUNDLE_IDENTIFIER = "com.conradtaylor.H4XOR-News";
				PRODUCT_NAME = "$(TARGET_NAME)";
				SWIFT_VERSION = 5.0;
				TARGETED_DEVICE_FAMILY = "1,2";
			};
			name = Debug;
		};
		643311AB23C67EC00032648A /* Release */ = {
			isa = XCBuildConfiguration;
			buildSettings = {
				ASSETCATALOG_COMPILER_APPICON_NAME = AppIcon;
				CODE_SIGN_STYLE = Automatic;
				DEVELOPMENT_ASSET_PATHS = "\"H4XOR News/Preview Content\"";
				DEVELOPMENT_TEAM = RX8KMMGN2G;
				ENABLE_PREVIEWS = YES;
				INFOPLIST_FILE = "H4XOR News/Info.plist";
				LD_RUNPATH_SEARCH_PATHS = (
					"$(inherited)",
					"@executable_path/Frameworks",
				);
				PRODUCT_BUNDLE_IDENTIFIER = "com.conradtaylor.H4XOR-News";
				PRODUCT_NAME = "$(TARGET_NAME)";
				SWIFT_VERSION = 5.0;
				TARGETED_DEVICE_FAMILY = "1,2";
			};
			name = Release;
		};
/* End XCBuildConfiguration section */

/* Begin XCConfigurationList section */
		6433119023C67EBF0032648A /* Build configuration list for PBXProject "H4XOR News" */ = {
			isa = XCConfigurationList;
			buildConfigurations = (
				643311A723C67EC00032648A /* Debug */,
				643311A823C67EC00032648A /* Release */,
			);
			defaultConfigurationIsVisible = 0;
			defaultConfigurationName = Release;
		};
		643311A923C67EC00032648A /* Build configuration list for PBXNativeTarget "H4XOR News" */ = {
			isa = XCConfigurationList;
			buildConfigurations = (
				643311AA23C67EC00032648A /* Debug */,
				643311AB23C67EC00032648A /* Release */,
			);
			defaultConfigurationIsVisible = 0;
			defaultConfigurationName = Release;
		};
/* End XCConfigurationList section */
	};
	rootObject = 6433118D23C67EBF0032648A /* Project object */;
}
